# This file is automatically @generated by Cargo.
# It is not intended for manual editing.
[[package]]
name = "assert_matches"
version = "1.3.0"
source = "registry+https://github.com/rust-lang/crates.io-index"

[[package]]
name = "minilisp"
version = "0.1.0"
dependencies = [
 "assert_matches 1.3.0 (registry+https://github.com/rust-lang/crates.io-index)",
]

[metadata]
"checksum assert_matches 1.3.0 (registry+https://github.com/rust-lang/crates.io-index)" = "7deb0a829ca7bcfaf5da70b073a8d128619259a7be8216a355e23f00763059e5"
